{
  "name": "@plasmastrapi/presentation",
  "version": "1.0.4",
  "lockfileVersion": 1,
  "requires": true,
  "dependencies": {
    "@plasmastrapi/base": {
      "version": "1.0.22",
      "resolved": "https://registry.npmjs.org/@plasmastrapi/base/-/base-1.0.22.tgz",
      "integrity": "sha512-A10gAG7i1dKluQv5fkZzMhLe6oIwFLra8kjRgJOxx8voMAu2dMWw2RfAphvB+ePKkWCLi+JV0p6WsMMzl6DwlQ==",
      "requires": {
        "uuid": "^9.0.0"
      }
    },
    "@plasmastrapi/ecs": {
      "version": "1.0.5",
      "resolved": "https://registry.npmjs.org/@plasmastrapi/ecs/-/ecs-1.0.5.tgz",
      "integrity": "sha512-S5fB8M3GtZ36SSJgvTgooik2dk+pqheERXnyVzd0weqQwCkMj9AhoCY5N+3Pl+1qOkiHfrr/Qv/ruWqKBTH3VA==",
      "requires": {
        "@plasmastrapi/base": "^1.0.20",
        "lodash": "^4.17.21"
      }
    },
    "@plasmastrapi/geometry": {
      "version": "1.0.5",
      "resolved": "https://registry.npmjs.org/@plasmastrapi/geometry/-/geometry-1.0.5.tgz",
      "integrity": "sha512-2rxnLy6Dy7hqfdW93DW7Gxiydg5DMFopyZBs3xvf5qFJZz1pHyVP4WB93gQDliDiYsaXq3fn0J/t2hTUwkXQcw==",
      "requires": {
        "@plasmastrapi/ecs": "^1.0.0",
        "@turf/bbox": "^6.5.0",
        "@turf/helpers": "^6.5.0",
        "@types/geojson": "^7946.0.10",
        "geojson": "^0.5.0"
      }
    },
    "@turf/bbox": {
      "version": "6.5.0",
      "resolved": "https://registry.npmjs.org/@turf/bbox/-/bbox-6.5.0.tgz",
      "integrity": "sha512-RBbLaao5hXTYyyg577iuMtDB8ehxMlUqHEJiMs8jT1GHkFhr6sYre3lmLsPeYEi/ZKj5TP5tt7fkzNdJ4GIVyw==",
      "requires": {
        "@turf/helpers": "^6.5.0",
        "@turf/meta": "^6.5.0"
      }
    },
    "@turf/helpers": {
      "version": "6.5.0",
      "resolved": "https://registry.npmjs.org/@turf/helpers/-/helpers-6.5.0.tgz",
      "integrity": "sha512-VbI1dV5bLFzohYYdgqwikdMVpe7pJ9X3E+dlr425wa2/sMJqYDhTO++ec38/pcPvPE6oD9WEEeU3Xu3gza+VPw=="
    },
    "@turf/meta": {
      "version": "6.5.0",
      "resolved": "https://registry.npmjs.org/@turf/meta/-/meta-6.5.0.tgz",
      "integrity": "sha512-RrArvtsV0vdsCBegoBtOalgdSOfkBrTJ07VkpiCnq/491W67hnMWmDu7e6Ztw0C3WldRYTXkg3SumfdzZxLBHA==",
      "requires": {
        "@turf/helpers": "^6.5.0"
      }
    },
    "@types/geojson": {
      "version": "7946.0.10",
      "resolved": "https://registry.npmjs.org/@types/geojson/-/geojson-7946.0.10.tgz",
      "integrity": "sha512-Nmh0K3iWQJzniTuPRcJn5hxXkfB1T1pgB89SBig5PlJQU5yocazeu4jATJlaA0GYFKWMqDdvYemoSnF2pXgLVA=="
    },
    "geojson": {
      "version": "0.5.0",
      "resolved": "https://registry.npmjs.org/geojson/-/geojson-0.5.0.tgz",
      "integrity": "sha512-/Bx5lEn+qRF4TfQ5aLu6NH+UKtvIv7Lhc487y/c8BdludrCTpiWf9wyI0RTyqg49MFefIAvFDuEi5Dfd/zgNxQ=="
    },
    "lodash": {
      "version": "4.17.21",
      "resolved": "https://registry.npmjs.org/lodash/-/lodash-4.17.21.tgz",
      "integrity": "sha512-v2kDEe57lecTulaDIuNTPy3Ry4gLGJ6Z1O3vE1krgXZNrsQ+LFTGHVxVjcXPs17LhbZVGedAJv8XZ1tvj5FvSg=="
    },
    "uuid": {
      "version": "9.0.0",
      "resolved": "https://registry.npmjs.org/uuid/-/uuid-9.0.0.tgz",
      "integrity": "sha512-MXcSTerfPa4uqyzStbRoTgt5XIe3x5+42+q1sDuy3R5MDk66URdLMOZe5aPX/SQd+kuYAh0FdP/pO28IkQyTeg=="
    }
  }
}
